// !$*UTF8*$!
{
	archiveVersion = 1;
	classes = {
	};
	objectVersion = 50;
	objects = {

/* Begin PBXBuildFile section */
		A9E117C62372C43B00DB2A7A /* AppDelegate.swift in Sources */ = {isa = PBXBuildFile; fileRef = A9E117C52372C43B00DB2A7A /* AppDelegate.swift */; };
		A9E117CD2372C43B00DB2A7A /* Main.storyboard in Resources */ = {isa = PBXBuildFile; fileRef = A9E117CB2372C43B00DB2A7A /* Main.storyboard */; };
		A9E117CF2372C43D00DB2A7A /* Assets.xcassets in Resources */ = {isa = PBXBuildFile; fileRef = A9E117CE2372C43D00DB2A7A /* Assets.xcassets */; };
		A9E117D22372C43D00DB2A7A /* LaunchScreen.storyboard in Resources */ = {isa = PBXBuildFile; fileRef = A9E117D02372C43D00DB2A7A /* LaunchScreen.storyboard */; };
		FD06C1562375AD620089F7CC /* InfoView.xib in Resources */ = {isa = PBXBuildFile; fileRef = FD06C1552375AD620089F7CC /* InfoView.xib */; };
		FD06C1582375AEBE0089F7CC /* InfoView.swift in Sources */ = {isa = PBXBuildFile; fileRef = FD06C1572375AEBE0089F7CC /* InfoView.swift */; };
		FD06C15B2375AEF80089F7CC /* UIView+Nib.swift in Sources */ = {isa = PBXBuildFile; fileRef = FD06C15A2375AEF80089F7CC /* UIView+Nib.swift */; };
		FD06C15E2375AFF80089F7CC /* ViewDecorator.swift in Sources */ = {isa = PBXBuildFile; fileRef = FD06C15D2375AFF80089F7CC /* ViewDecorator.swift */; };
		FD06C1602375B0070089F7CC /* BorderDecorator.swift in Sources */ = {isa = PBXBuildFile; fileRef = FD06C15F2375B0070089F7CC /* BorderDecorator.swift */; };
		FD06C1622375B02C0089F7CC /* CornerRadiusDecorator.swift in Sources */ = {isa = PBXBuildFile; fileRef = FD06C1612375B02C0089F7CC /* CornerRadiusDecorator.swift */; };
		FD06C1642375B1CB0089F7CC /* Reusable.swift in Sources */ = {isa = PBXBuildFile; fileRef = FD06C1632375B1CB0089F7CC /* Reusable.swift */; };
		FD06C1662375B1E60089F7CC /* UICollectionView+Reusable.swift in Sources */ = {isa = PBXBuildFile; fileRef = FD06C1652375B1E60089F7CC /* UICollectionView+Reusable.swift */; };
		FD0CD6E72384334A005F8958 /* PlanetDetailViewController.storyboard in Resources */ = {isa = PBXBuildFile; fileRef = FD0CD6E62384334A005F8958 /* PlanetDetailViewController.storyboard */; };
		FDF06F55237939370055FE78 /* FooterView.xib in Resources */ = {isa = PBXBuildFile; fileRef = FDF06F54237939370055FE78 /* FooterView.xib */; };
		FDF06F5723793A250055FE78 /* FooterView.swift in Sources */ = {isa = PBXBuildFile; fileRef = FDF06F5623793A250055FE78 /* FooterView.swift */; };
		FDF06F5A23793D820055FE78 /* PlanetsViewController.storyboard in Resources */ = {isa = PBXBuildFile; fileRef = FDF06F5923793D820055FE78 /* PlanetsViewController.storyboard */; };
		FDF06F5C23793DC30055FE78 /* PlanetsViewController.swift in Sources */ = {isa = PBXBuildFile; fileRef = FDF06F5B23793DC30055FE78 /* PlanetsViewController.swift */; };
		FDF06F5E23793E5F0055FE78 /* PlanetsViewModel.swift in Sources */ = {isa = PBXBuildFile; fileRef = FDF06F5D23793E5F0055FE78 /* PlanetsViewModel.swift */; };
		FDFAA296238447A1003F86B7 /* FlowController.swift in Sources */ = {isa = PBXBuildFile; fileRef = FDFAA295238447A1003F86B7 /* FlowController.swift */; };
/* End PBXBuildFile section */

/* Begin PBXFileReference section */
		A9E117C22372C43B00DB2A7A /* SolarSystem.app */ = {isa = PBXFileReference; explicitFileType = wrapper.application; includeInIndex = 0; path = SolarSystem.app; sourceTree = BUILT_PRODUCTS_DIR; };
		A9E117C52372C43B00DB2A7A /* AppDelegate.swift */ = {isa = PBXFileReference; lastKnownFileType = sourcecode.swift; path = AppDelegate.swift; sourceTree = "<group>"; };
		A9E117CC2372C43B00DB2A7A /* Base */ = {isa = PBXFileReference; lastKnownFileType = file.storyboard; name = Base; path = Base.lproj/Main.storyboard; sourceTree = "<group>"; };
		A9E117CE2372C43D00DB2A7A /* Assets.xcassets */ = {isa = PBXFileReference; lastKnownFileType = folder.assetcatalog; path = Assets.xcassets; sourceTree = "<group>"; };
		A9E117D12372C43D00DB2A7A /* Base */ = {isa = PBXFileReference; lastKnownFileType = file.storyboard; name = Base; path = Base.lproj/LaunchScreen.storyboard; sourceTree = "<group>"; };
		A9E117D32372C43D00DB2A7A /* Info.plist */ = {isa = PBXFileReference; lastKnownFileType = text.plist.xml; path = Info.plist; sourceTree = "<group>"; };
		FD06C1552375AD620089F7CC /* InfoView.xib */ = {isa = PBXFileReference; lastKnownFileType = file.xib; path = InfoView.xib; sourceTree = "<group>"; };
		FD06C1572375AEBE0089F7CC /* InfoView.swift */ = {isa = PBXFileReference; lastKnownFileType = sourcecode.swift; path = InfoView.swift; sourceTree = "<group>"; };
		FD06C15A2375AEF80089F7CC /* UIView+Nib.swift */ = {isa = PBXFileReference; lastKnownFileType = sourcecode.swift; path = "UIView+Nib.swift"; sourceTree = "<group>"; };
		FD06C15D2375AFF80089F7CC /* ViewDecorator.swift */ = {isa = PBXFileReference; lastKnownFileType = sourcecode.swift; path = ViewDecorator.swift; sourceTree = "<group>"; };
		FD06C15F2375B0070089F7CC /* BorderDecorator.swift */ = {isa = PBXFileReference; lastKnownFileType = sourcecode.swift; path = BorderDecorator.swift; sourceTree = "<group>"; };
		FD06C1612375B02C0089F7CC /* CornerRadiusDecorator.swift */ = {isa = PBXFileReference; lastKnownFileType = sourcecode.swift; path = CornerRadiusDecorator.swift; sourceTree = "<group>"; };
		FD06C1632375B1CB0089F7CC /* Reusable.swift */ = {isa = PBXFileReference; lastKnownFileType = sourcecode.swift; path = Reusable.swift; sourceTree = "<group>"; };
		FD06C1652375B1E60089F7CC /* UICollectionView+Reusable.swift */ = {isa = PBXFileReference; lastKnownFileType = sourcecode.swift; path = "UICollectionView+Reusable.swift"; sourceTree = "<group>"; };
		FD0CD6E62384334A005F8958 /* PlanetDetailViewController.storyboard */ = {isa = PBXFileReference; lastKnownFileType = file.storyboard; path = PlanetDetailViewController.storyboard; sourceTree = "<group>"; };
		FDF06F54237939370055FE78 /* FooterView.xib */ = {isa = PBXFileReference; lastKnownFileType = file.xib; path = FooterView.xib; sourceTree = "<group>"; };
		FDF06F5623793A250055FE78 /* FooterView.swift */ = {isa = PBXFileReference; lastKnownFileType = sourcecode.swift; path = FooterView.swift; sourceTree = "<group>"; };
		FDF06F5923793D820055FE78 /* PlanetsViewController.storyboard */ = {isa = PBXFileReference; lastKnownFileType = file.storyboard; path = PlanetsViewController.storyboard; sourceTree = "<group>"; };
		FDF06F5B23793DC30055FE78 /* PlanetsViewController.swift */ = {isa = PBXFileReference; lastKnownFileType = sourcecode.swift; path = PlanetsViewController.swift; sourceTree = "<group>"; };
		FDF06F5D23793E5F0055FE78 /* PlanetsViewModel.swift */ = {isa = PBXFileReference; lastKnownFileType = sourcecode.swift; path = PlanetsViewModel.swift; sourceTree = "<group>"; };
		FDFAA295238447A1003F86B7 /* FlowController.swift */ = {isa = PBXFileReference; lastKnownFileType = sourcecode.swift; path = FlowController.swift; sourceTree = "<group>"; };
/* End PBXFileReference section */

/* Begin PBXFrameworksBuildPhase section */
		A9E117BF2372C43B00DB2A7A /* Frameworks */ = {
			isa = PBXFrameworksBuildPhase;
			buildActionMask = 2147483647;
			files = (
			);
			runOnlyForDeploymentPostprocessing = 0;
		};
/* End PBXFrameworksBuildPhase section */

/* Begin PBXGroup section */
		A9E117B92372C43B00DB2A7A = {
			isa = PBXGroup;
			children = (
				A9E117C42372C43B00DB2A7A /* SolarSystem */,
				A9E117C32372C43B00DB2A7A /* Products */,
			);
			sourceTree = "<group>";
		};
		A9E117C32372C43B00DB2A7A /* Products */ = {
			isa = PBXGroup;
			children = (
				A9E117C22372C43B00DB2A7A /* SolarSystem.app */,
			);
			name = Products;
			sourceTree = "<group>";
		};
		A9E117C42372C43B00DB2A7A /* SolarSystem */ = {
			isa = PBXGroup;
			children = (
				FD06C15C2375AFDE0089F7CC /* Decorator */,
				FD06C1592375AEE60089F7CC /* Extensions */,
				FD06C14F2375ACD50089F7CC /* User Interface */,
				A9E117C52372C43B00DB2A7A /* AppDelegate.swift */,
				A9E117CB2372C43B00DB2A7A /* Main.storyboard */,
				A9E117CE2372C43D00DB2A7A /* Assets.xcassets */,
				A9E117D02372C43D00DB2A7A /* LaunchScreen.storyboard */,
				A9E117D32372C43D00DB2A7A /* Info.plist */,
			);
			path = SolarSystem;
			sourceTree = "<group>";
		};
		FD06C14F2375ACD50089F7CC /* User Interface */ = {
			isa = PBXGroup;
			children = (
				FDF06F5823793CE40055FE78 /* Flows */,
				FD06C1502375ACE10089F7CC /* Components */,
			);
			path = "User Interface";
			sourceTree = "<group>";
		};
		FD06C1502375ACE10089F7CC /* Components */ = {
			isa = PBXGroup;
			children = (
				FD06C1542375AD4B0089F7CC /* Views */,
				FD06C1512375ACE60089F7CC /* Cells */,
			);
			path = Components;
			sourceTree = "<group>";
		};
		FD06C1512375ACE60089F7CC /* Cells */ = {
			isa = PBXGroup;
			children = (
			);
			path = Cells;
			sourceTree = "<group>";
		};
		FD06C1542375AD4B0089F7CC /* Views */ = {
			isa = PBXGroup;
			children = (
				FD06C1552375AD620089F7CC /* InfoView.xib */,
				FD06C1572375AEBE0089F7CC /* InfoView.swift */,
				FDF06F54237939370055FE78 /* FooterView.xib */,
				FDF06F5623793A250055FE78 /* FooterView.swift */,
			);
			path = Views;
			sourceTree = "<group>";
		};
		FD06C1592375AEE60089F7CC /* Extensions */ = {
			isa = PBXGroup;
			children = (
				FD06C15A2375AEF80089F7CC /* UIView+Nib.swift */,
				FD06C1632375B1CB0089F7CC /* Reusable.swift */,
				FD06C1652375B1E60089F7CC /* UICollectionView+Reusable.swift */,
			);
			path = Extensions;
			sourceTree = "<group>";
		};
		FD06C15C2375AFDE0089F7CC /* Decorator */ = {
			isa = PBXGroup;
			children = (
				FD06C15D2375AFF80089F7CC /* ViewDecorator.swift */,
				FD06C15F2375B0070089F7CC /* BorderDecorator.swift */,
				FD06C1612375B02C0089F7CC /* CornerRadiusDecorator.swift */,
			);
			path = Decorator;
			sourceTree = "<group>";
		};
		FD0CD6E523843307005F8958 /* Detail */ = {
			isa = PBXGroup;
			children = (
				FD0CD6E62384334A005F8958 /* PlanetDetailViewController.storyboard */,
			);
			path = Detail;
			sourceTree = "<group>";
		};
		FDF06F5823793CE40055FE78 /* Flows */ = {
			isa = PBXGroup;
			children = (
				FD0CD6E523843307005F8958 /* Detail */,
				FDF06F5923793D820055FE78 /* PlanetsViewController.storyboard */,
				FDF06F5B23793DC30055FE78 /* PlanetsViewController.swift */,
				FDF06F5D23793E5F0055FE78 /* PlanetsViewModel.swift */,
				FDFAA295238447A1003F86B7 /* FlowController.swift */,
			);
			path = Flows;
			sourceTree = "<group>";
		};
/* End PBXGroup section */

/* Begin PBXNativeTarget section */
		A9E117C12372C43B00DB2A7A /* SolarSystem */ = {
			isa = PBXNativeTarget;
			buildConfigurationList = A9E117D62372C43D00DB2A7A /* Build configuration list for PBXNativeTarget "SolarSystem" */;
			buildPhases = (
				A9E117BE2372C43B00DB2A7A /* Sources */,
				A9E117BF2372C43B00DB2A7A /* Frameworks */,
				A9E117C02372C43B00DB2A7A /* Resources */,
			);
			buildRules = (
			);
			dependencies = (
			);
			name = SolarSystem;
			productName = SolarSystem;
			productReference = A9E117C22372C43B00DB2A7A /* SolarSystem.app */;
			productType = "com.apple.product-type.application";
		};
/* End PBXNativeTarget section */

/* Begin PBXProject section */
		A9E117BA2372C43B00DB2A7A /* Project object */ = {
			isa = PBXProject;
			attributes = {
				LastSwiftUpdateCheck = 1110;
				LastUpgradeCheck = 1110;
				ORGANIZATIONNAME = "Katalin Neda";
				TargetAttributes = {
					A9E117C12372C43B00DB2A7A = {
						CreatedOnToolsVersion = 11.1;
					};
				};
			};
			buildConfigurationList = A9E117BD2372C43B00DB2A7A /* Build configuration list for PBXProject "SolarSystem" */;
			compatibilityVersion = "Xcode 9.3";
			developmentRegion = en;
			hasScannedForEncodings = 0;
			knownRegions = (
				en,
				Base,
			);
			mainGroup = A9E117B92372C43B00DB2A7A;
			productRefGroup = A9E117C32372C43B00DB2A7A /* Products */;
			projectDirPath = "";
			projectRoot = "";
			targets = (
				A9E117C12372C43B00DB2A7A /* SolarSystem */,
			);
		};
/* End PBXProject section */

/* Begin PBXResourcesBuildPhase section */
		A9E117C02372C43B00DB2A7A /* Resources */ = {
			isa = PBXResourcesBuildPhase;
			buildActionMask = 2147483647;
			files = (
				FD06C1562375AD620089F7CC /* InfoView.xib in Resources */,
				A9E117D22372C43D00DB2A7A /* LaunchScreen.storyboard in Resources */,
				A9E117CF2372C43D00DB2A7A /* Assets.xcassets in Resources */,
				FDF06F55237939370055FE78 /* FooterView.xib in Resources */,
				FD0CD6E72384334A005F8958 /* PlanetDetailViewController.storyboard in Resources */,
				FDF06F5A23793D820055FE78 /* PlanetsViewController.storyboard in Resources */,
				A9E117CD2372C43B00DB2A7A /* Main.storyboard in Resources */,
			);
			runOnlyForDeploymentPostprocessing = 0;
		};
/* End PBXResourcesBuildPhase section */

/* Begin PBXSourcesBuildPhase section */
		A9E117BE2372C43B00DB2A7A /* Sources */ = {
			isa = PBXSourcesBuildPhase;
			buildActionMask = 2147483647;
			files = (
				FD06C1582375AEBE0089F7CC /* InfoView.swift in Sources */,
				FD06C1662375B1E60089F7CC /* UICollectionView+Reusable.swift in Sources */,
				FDF06F5E23793E5F0055FE78 /* PlanetsViewModel.swift in Sources */,
				FD06C1622375B02C0089F7CC /* CornerRadiusDecorator.swift in Sources */,
				FD06C1642375B1CB0089F7CC /* Reusable.swift in Sources */,
				FD06C15E2375AFF80089F7CC /* ViewDecorator.swift in Sources */,
				FDF06F5723793A250055FE78 /* FooterView.swift in Sources */,
				A9E117C62372C43B00DB2A7A /* AppDelegate.swift in Sources */,
				FDF06F5C23793DC30055FE78 /* PlanetsViewController.swift in Sources */,
				FD06C1602375B0070089F7CC /* BorderDecorator.swift in Sources */,
				FD06C15B2375AEF80089F7CC /* UIView+Nib.swift in Sources */,
				FDFAA296238447A1003F86B7 /* FlowController.swift in Sources */,
			);
			runOnlyForDeploymentPostprocessing = 0;
		};
/* End PBXSourcesBuildPhase section */

/* Begin PBXVariantGroup section */
		A9E117CB2372C43B00DB2A7A /* Main.storyboard */ = {
			isa = PBXVariantGroup;
			children = (
				A9E117CC2372C43B00DB2A7A /* Base */,
			);
			name = Main.storyboard;
			sourceTree = "<group>";
		};
		A9E117D02372C43D00DB2A7A /* LaunchScreen.storyboard */ = {
			isa = PBXVariantGroup;
			children = (
				A9E117D12372C43D00DB2A7A /* Base */,
			);
			name = LaunchScreen.storyboard;
			sourceTree = "<group>";
		};
/* End PBXVariantGroup section */

/* Begin XCBuildConfiguration section */
		A9E117D42372C43D00DB2A7A /* Debug */ = {
			isa = XCBuildConfiguration;
			buildSettings = {
				ALWAYS_SEARCH_USER_PATHS = NO;
				CLANG_ANALYZER_NONNULL = YES;
				CLANG_ANALYZER_NUMBER_OBJECT_CONVERSION = YES_AGGRESSIVE;
				CLANG_CXX_LANGUAGE_STANDARD = "gnu++14";
				CLANG_CXX_LIBRARY = "libc++";
				CLANG_ENABLE_MODULES = YES;
				CLANG_ENABLE_OBJC_ARC = YES;
				CLANG_ENABLE_OBJC_WEAK = YES;
				CLANG_WARN_BLOCK_CAPTURE_AUTORELEASING = YES;
				CLANG_WARN_BOOL_CONVERSION = YES;
				CLANG_WARN_COMMA = YES;
				CLANG_WARN_CONSTANT_CONVERSION = YES;
				CLANG_WARN_DEPRECATED_OBJC_IMPLEMENTATIONS = YES;
				CLANG_WARN_DIRECT_OBJC_ISA_USAGE = YES_ERROR;
				CLANG_WARN_DOCUMENTATION_COMMENTS = YES;
				CLANG_WARN_EMPTY_BODY = YES;
				CLANG_WARN_ENUM_CONVERSION = YES;
				CLANG_WARN_INFINITE_RECURSION = YES;
				CLANG_WARN_INT_CONVERSION = YES;
				CLANG_WARN_NON_LITERAL_NULL_CONVERSION = YES;
				CLANG_WARN_OBJC_IMPLICIT_RETAIN_SELF = YES;
				CLANG_WARN_OBJC_LITERAL_CONVERSION = YES;
				CLANG_WARN_OBJC_ROOT_CLASS = YES_ERROR;
				CLANG_WARN_RANGE_LOOP_ANALYSIS = YES;
				CLANG_WARN_STRICT_PROTOTYPES = YES;
				CLANG_WARN_SUSPICIOUS_MOVE = YES;
				CLANG_WARN_UNGUARDED_AVAILABILITY = YES_AGGRESSIVE;
				CLANG_WARN_UNREACHABLE_CODE = YES;
				CLANG_WARN__DUPLICATE_METHOD_MATCH = YES;
				COPY_PHASE_STRIP = NO;
				DEBUG_INFORMATION_FORMAT = dwarf;
				ENABLE_STRICT_OBJC_MSGSEND = YES;
				ENABLE_TESTABILITY = YES;
				GCC_C_LANGUAGE_STANDARD = gnu11;
				GCC_DYNAMIC_NO_PIC = NO;
				GCC_NO_COMMON_BLOCKS = YES;
				GCC_OPTIMIZATION_LEVEL = 0;
				GCC_PREPROCESSOR_DEFINITIONS = (
					"DEBUG=1",
					"$(inherited)",
				);
				GCC_WARN_64_TO_32_BIT_CONVERSION = YES;
				GCC_WARN_ABOUT_RETURN_TYPE = YES_ERROR;
				GCC_WARN_UNDECLARED_SELECTOR = YES;
				GCC_WARN_UNINITIALIZED_AUTOS = YES_AGGRESSIVE;
				GCC_WARN_UNUSED_FUNCTION = YES;
				GCC_WARN_UNUSED_VARIABLE = YES;
				IPHONEOS_DEPLOYMENT_TARGET = 13.1;
				MTL_ENABLE_DEBUG_INFO = INCLUDE_SOURCE;
				MTL_FAST_MATH = YES;
				ONLY_ACTIVE_ARCH = YES;
				SDKROOT = iphoneos;
				SWIFT_ACTIVE_COMPILATION_CONDITIONS = DEBUG;
				SWIFT_OPTIMIZATION_LEVEL = "-Onone";
			};
			name = Debug;
		};
		A9E117D52372C43D00DB2A7A /* Release */ = {
			isa = XCBuildConfiguration;
			buildSettings = {
				ALWAYS_SEARCH_USER_PATHS = NO;
				CLANG_ANALYZER_NONNULL = YES;
				CLANG_ANALYZER_NUMBER_OBJECT_CONVERSION = YES_AGGRESSIVE;
				CLANG_CXX_LANGUAGE_STANDARD = "gnu++14";
				CLANG_CXX_LIBRARY = "libc++";
				CLANG_ENABLE_MODULES = YES;
				CLANG_ENABLE_OBJC_ARC = YES;
				CLANG_ENABLE_OBJC_WEAK = YES;
				CLANG_WARN_BLOCK_CAPTURE_AUTORELEASING = YES;
				CLANG_WARN_BOOL_CONVERSION = YES;
				CLANG_WARN_COMMA = YES;
				CLANG_WARN_CONSTANT_CONVERSION = YES;
				CLANG_WARN_DEPRECATED_OBJC_IMPLEMENTATIONS = YES;
				CLANG_WARN_DIRECT_OBJC_ISA_USAGE = YES_ERROR;
				CLANG_WARN_DOCUMENTATION_COMMENTS = YES;
				CLANG_WARN_EMPTY_BODY = YES;
				CLANG_WARN_ENUM_CONVERSION = YES;
				CLANG_WARN_INFINITE_RECURSION = YES;
				CLANG_WARN_INT_CONVERSION = YES;
				CLANG_WARN_NON_LITERAL_NULL_CONVERSION = YES;
				CLANG_WARN_OBJC_IMPLICIT_RETAIN_SELF = YES;
				CLANG_WARN_OBJC_LITERAL_CONVERSION = YES;
				CLANG_WARN_OBJC_ROOT_CLASS = YES_ERROR;
				CLANG_WARN_RANGE_LOOP_ANALYSIS = YES;
				CLANG_WARN_STRICT_PROTOTYPES = YES;
				CLANG_WARN_SUSPICIOUS_MOVE = YES;
				CLANG_WARN_UNGUARDED_AVAILABILITY = YES_AGGRESSIVE;
				CLANG_WARN_UNREACHABLE_CODE = YES;
				CLANG_WARN__DUPLICATE_METHOD_MATCH = YES;
				COPY_PHASE_STRIP = NO;
				DEBUG_INFORMATION_FORMAT = "dwarf-with-dsym";
				ENABLE_NS_ASSERTIONS = NO;
				ENABLE_STRICT_OBJC_MSGSEND = YES;
				GCC_C_LANGUAGE_STANDARD = gnu11;
				GCC_NO_COMMON_BLOCKS = YES;
				GCC_WARN_64_TO_32_BIT_CONVERSION = YES;
				GCC_WARN_ABOUT_RETURN_TYPE = YES_ERROR;
				GCC_WARN_UNDECLARED_SELECTOR = YES;
				GCC_WARN_UNINITIALIZED_AUTOS = YES_AGGRESSIVE;
				GCC_WARN_UNUSED_FUNCTION = YES;
				GCC_WARN_UNUSED_VARIABLE = YES;
				IPHONEOS_DEPLOYMENT_TARGET = 13.1;
				MTL_ENABLE_DEBUG_INFO = NO;
				MTL_FAST_MATH = YES;
				SDKROOT = iphoneos;
				SWIFT_COMPILATION_MODE = wholemodule;
				SWIFT_OPTIMIZATION_LEVEL = "-O";
				VALIDATE_PRODUCT = YES;
			};
			name = Release;
		};
		A9E117D72372C43D00DB2A7A /* Debug */ = {
			isa = XCBuildConfiguration;
			buildSettings = {
				ASSETCATALOG_COMPILER_APPICON_NAME = AppIcon;
				CODE_SIGN_STYLE = Automatic;
				DEVELOPMENT_TEAM = Y6P2NYW2G8;
				INFOPLIST_FILE = SolarSystem/Info.plist;
				IPHONEOS_DEPLOYMENT_TARGET = 13.0;
				LD_RUNPATH_SEARCH_PATHS = (
					"$(inherited)",
					"@executable_path/Frameworks",
				);
				PRODUCT_BUNDLE_IDENTIFIER = com.jump.SolarSystem;
				PRODUCT_NAME = "$(TARGET_NAME)";
				SWIFT_VERSION = 5.0;
				TARGETED_DEVICE_FAMILY = "1,2";
			};
			name = Debug;
		};
		A9E117D82372C43D00DB2A7A /* Release */ = {
			isa = XCBuildConfiguration;
			buildSettings = {
				ASSETCATALOG_COMPILER_APPICON_NAME = AppIcon;
				CODE_SIGN_STYLE = Automatic;
				DEVELOPMENT_TEAM = Y6P2NYW2G8;
				INFOPLIST_FILE = SolarSystem/Info.plist;
				IPHONEOS_DEPLOYMENT_TARGET = 13.0;
				LD_RUNPATH_SEARCH_PATHS = (
					"$(inherited)",
					"@executable_path/Frameworks",
				);
				PRODUCT_BUNDLE_IDENTIFIER = com.jump.SolarSystem;
				PRODUCT_NAME = "$(TARGET_NAME)";
				SWIFT_VERSION = 5.0;
				TARGETED_DEVICE_FAMILY = "1,2";
			};
			name = Release;
		};
/* End XCBuildConfiguration section */

/* Begin XCConfigurationList section */
		A9E117BD2372C43B00DB2A7A /* Build configuration list for PBXProject "SolarSystem" */ = {
			isa = XCConfigurationList;
			buildConfigurations = (
				A9E117D42372C43D00DB2A7A /* Debug */,
				A9E117D52372C43D00DB2A7A /* Release */,
			);
			defaultConfigurationIsVisible = 0;
			defaultConfigurationName = Release;
		};
		A9E117D62372C43D00DB2A7A /* Build configuration list for PBXNativeTarget "SolarSystem" */ = {
			isa = XCConfigurationList;
			buildConfigurations = (
				A9E117D72372C43D00DB2A7A /* Debug */,
				A9E117D82372C43D00DB2A7A /* Release */,
			);
			defaultConfigurationIsVisible = 0;
			defaultConfigurationName = Release;
		};
/* End XCConfigurationList section */
	};
	rootObject = A9E117BA2372C43B00DB2A7A /* Project object */;
}
